
Microsoft Visual Studio Solution File, Format Version 12.00
# Visual Studio Version 17
VisualStudioVersion = 17.7.34221.43
MinimumVisualStudioVersion = 10.0.40219.1
Project("{FAE04EC0-301F-11D3-BF4B-00C04F79EFBC}") = "CatalogAppAPI", "CatalogAppAPI\CatalogAppAPI.csproj", "{865CDF19-C2AF-4BF1-A920-6F2804681097}"
EndProject
Global
	GlobalSection(SolutionConfigurationPlatforms) = preSolution
		Debug|Any CPU = Debug|Any CPU
		Release|Any CPU = Release|Any CPU
	EndGlobalSection
	GlobalSection(ProjectConfigurationPlatforms) = postSolution
		{865CDF19-C2AF-4BF1-A920-6F2804681097}.Debug|Any CPU.ActiveCfg = Debug|Any CPU
		{865CDF19-C2AF-4BF1-A920-6F2804681097}.Debug|Any CPU.Build.0 = Debug|Any CPU
		{865CDF19-C2AF-4BF1-A920-6F2804681097}.Release|Any CPU.ActiveCfg = Release|Any CPU
		{865CDF19-C2AF-4BF1-A920-6F2804681097}.Release|Any CPU.Build.0 = Release|Any CPU
	EndGlobalSection
	GlobalSection(SolutionProperties) = preSolution
		HideSolutionNode = FALSE
	EndGlobalSection
	GlobalSection(ExtensibilityGlobals) = postSolution
		SolutionGuid = {02DAF93D-DD31-4712-80A2-CC03654EC5D0}
	EndGlobalSection
EndGlobal
